
Microsoft Visual Studio Solution File, Format Version 12.00
# Visual Studio 2012
Project("{FAE04EC0-301F-11D3-BF4B-00C04F79EFBC}") = "TwilioCommon", "Twilio.Common\Twilio.Common\TwilioCommon.csproj", "{9738B6A0-39E1-4366-9DCD-E2F01BC71ED2}"
EndProject
Project("{FAE04EC0-301F-11D3-BF4B-00C04F79EFBC}") = "TwilioConversations", "Twilio.Conversations\Twilio.Conversations\TwilioConversations.csproj", "{0CCA60EF-75D2-4B24-A761-B9B3ABC47243}"
EndProject
Project("{FAE04EC0-301F-11D3-BF4B-00C04F79EFBC}") = "IPMessagingClient", "Twilio.IPMessagingClient\Twilio.IPMessagingClient\IPMessagingClient.csproj", "{5503512E-A3D0-42B3-9F29-E2DAFAE01E24}"
EndProject
Global
	GlobalSection(SolutionConfigurationPlatforms) = preSolution
		Debug|x86 = Debug|x86
		Release|x86 = Release|x86
	EndGlobalSection
	GlobalSection(ProjectConfigurationPlatforms) = postSolution
		{9738B6A0-39E1-4366-9DCD-E2F01BC71ED2}.Debug|x86.ActiveCfg = Debug|Any CPU
		{9738B6A0-39E1-4366-9DCD-E2F01BC71ED2}.Debug|x86.Build.0 = Debug|Any CPU
		{9738B6A0-39E1-4366-9DCD-E2F01BC71ED2}.Release|x86.ActiveCfg = Release|Any CPU
		{9738B6A0-39E1-4366-9DCD-E2F01BC71ED2}.Release|x86.Build.0 = Release|Any CPU
		{0CCA60EF-75D2-4B24-A761-B9B3ABC47243}.Debug|x86.ActiveCfg = Debug|Any CPU
		{0CCA60EF-75D2-4B24-A761-B9B3ABC47243}.Debug|x86.Build.0 = Debug|Any CPU
		{0CCA60EF-75D2-4B24-A761-B9B3ABC47243}.Release|x86.ActiveCfg = Release|Any CPU
		{0CCA60EF-75D2-4B24-A761-B9B3ABC47243}.Release|x86.Build.0 = Release|Any CPU
		{5503512E-A3D0-42B3-9F29-E2DAFAE01E24}.Debug|x86.ActiveCfg = Debug|Any CPU
		{5503512E-A3D0-42B3-9F29-E2DAFAE01E24}.Debug|x86.Build.0 = Debug|Any CPU
		{5503512E-A3D0-42B3-9F29-E2DAFAE01E24}.Release|x86.ActiveCfg = Release|Any CPU
		{5503512E-A3D0-42B3-9F29-E2DAFAE01E24}.Release|x86.Build.0 = Release|Any CPU
	EndGlobalSection
EndGlobal
